{
  "name": "assets",
  "lockfileVersion": 2,
  "requires": true,
  "packages": {
    "": {
      "dependencies": {
        "flatpickr": "^4.6.13",
        "phoenix": "file:../deps/phoenix",
        "phoenix_html": "file:../deps/phoenix_html",
        "phoenix_live_view": "file:../deps/phoenix_live_view"
      }
    },
    "../deps/phoenix": {
      "version": "1.7.7",
      "license": "MIT"
    },
    "../deps/phoenix_html": {
      "version": "3.3.1"
    },
    "../deps/phoenix_live_view": {
      "version": "0.19.4",
      "license": "MIT"
    },
    "node_modules/flatpickr": {
      "version": "4.6.13",
      "resolved": "https://registry.npmjs.org/flatpickr/-/flatpickr-4.6.13.tgz",
      "integrity": "sha512-97PMG/aywoYpB4IvbvUJi0RQi8vearvU0oov1WW3k0WZPBMrTQVqekSX5CjSG/M4Q3i6A/0FKXC7RyAoAUUSPw=="
    },
    "node_modules/phoenix": {
      "resolved": "../deps/phoenix",
      "link": true
    },
    "node_modules/phoenix_html": {
      "resolved": "../deps/phoenix_html",
      "link": true
    },
    "node_modules/phoenix_live_view": {
      "resolved": "../deps/phoenix_live_view",
      "link": true
    }
  },
  "dependencies": {
    "flatpickr": {
      "version": "4.6.13",
      "resolved": "https://registry.npmjs.org/flatpickr/-/flatpickr-4.6.13.tgz",
      "integrity": "sha512-97PMG/aywoYpB4IvbvUJi0RQi8vearvU0oov1WW3k0WZPBMrTQVqekSX5CjSG/M4Q3i6A/0FKXC7RyAoAUUSPw=="
    },
    "phoenix": {
      "version": "file:../deps/phoenix"
    },
    "phoenix_html": {
      "version": "file:../deps/phoenix_html"
    },
    "phoenix_live_view": {
      "version": "file:../deps/phoenix_live_view"
    }
  }
}
